PODS:
  - AppAuth (1.6.0):
    - AppAuth/Core (= 1.6.0)
    - AppAuth/ExternalUserAgent (= 1.6.0)
  - AppAuth/Core (1.6.0)
  - AppAuth/ExternalUserAgent (1.6.0):
    - AppAuth/Core
  - FBSnapshotTestCase (2.1.4):
    - FBSnapshotTestCase/SwiftSupport (= 2.1.4)
  - FBSnapshotTestCase/Core (2.1.4)
  - FBSnapshotTestCase/SwiftSupport (2.1.4):
    - FBSnapshotTestCase/Core
  - GoogleSignIn (6.2.4):
    - AppAuth (~> 1.5)
    - GTMAppAuth (~> 1.3)
    - GTMSessionFetcher/Core (< 3.0, >= 1.1)
  - GTMAppAuth (1.3.1):
    - AppAuth/Core (~> 1.6)
    - GTMSessionFetcher/Core (< 3.0, >= 1.5)
  - GTMSessionFetcher/Core (2.1.0)
  - PortalSwift (0.2.4):
    - GoogleSignIn (~> 6.2)
    - Starscream
  - Starscream (4.0.4)

DEPENDENCIES:
  - FBSnapshotTestCase (~> 2.1.4)
  - GoogleSignIn (~> 6.2)
  - PortalSwift (from `../`)

SPEC REPOS:
  trunk:
    - AppAuth
    - FBSnapshotTestCase
    - GoogleSignIn
    - GTMAppAuth
    - GTMSessionFetcher
    - Starscream

EXTERNAL SOURCES:
  PortalSwift:
    :path: "../"

SPEC CHECKSUMS:
  AppAuth: 8fca6b5563a5baef2c04bee27538025e4ceb2add
  FBSnapshotTestCase: 094f9f314decbabe373b87cc339bea235a63e07a
  GoogleSignIn: 5651ce3a61e56ca864160e79b484cd9ed3f49b7a
  GTMAppAuth: 0ff230db599948a9ad7470ca667337803b3fc4dd
  GTMSessionFetcher: ffbb25ec00ebcb5201adab0a56d808f6f1902d9f
  PortalSwift: 0171327c3ba1500e73671a0edb7e1643f83df74f
  Starscream: 5178aed56b316f13fa3bc55694e583d35dd414d9

PODFILE CHECKSUM: 48aeedeb325c291491138f47c838c4488b46974d

COCOAPODS: 1.12.0
