// !$*UTF8*$!
{
	archiveVersion = 1;
	classes = {
	};
	objectVersion = 46;
	objects = {

/* Begin PBXBuildFile section */
		47323B4D293A9BA20029B69E /* HttpRequesterTests.swift in Sources */ = {isa = PBXBuildFile; fileRef = 47323B4C293A9BA20029B69E /* HttpRequesterTests.swift */; };
		47323B4F293A9BB40029B69E /* HttpRequestTests.swift in Sources */ = {isa = PBXBuildFile; fileRef = 47323B4E293A9BB40029B69E /* HttpRequestTests.swift */; };
		47323B51293A9BCB0029B69E /* GDriveStorageTests.swift in Sources */ = {isa = PBXBuildFile; fileRef = 47323B50293A9BCB0029B69E /* GDriveStorageTests.swift */; };
		47323B53293A9BD90029B69E /* ICloudStorageTests.swift in Sources */ = {isa = PBXBuildFile; fileRef = 47323B52293A9BD90029B69E /* ICloudStorageTests.swift */; };
		47323B55293A9BE80029B69E /* StorageTests.swift in Sources */ = {isa = PBXBuildFile; fileRef = 47323B54293A9BE80029B69E /* StorageTests.swift */; };
		47323B57293A9BFD0029B69E /* PortalProviderTests.swift in Sources */ = {isa = PBXBuildFile; fileRef = 47323B56293A9BFD0029B69E /* PortalProviderTests.swift */; };
		47323B59293A9C0B0029B69E /* MpcSignerTests.swift in Sources */ = {isa = PBXBuildFile; fileRef = 47323B58293A9C0B0029B69E /* MpcSignerTests.swift */; };
		47323B5D293A9C610029B69E /* PortalApiTests.swift in Sources */ = {isa = PBXBuildFile; fileRef = 47323B5C293A9C610029B69E /* PortalApiTests.swift */; };
		47323B5F293A9C6B0029B69E /* PortalKeychainTests.swift in Sources */ = {isa = PBXBuildFile; fileRef = 47323B5E293A9C6B0029B69E /* PortalKeychainTests.swift */; };
		47323B61293A9C770029B69E /* PortalMpcTests.swift in Sources */ = {isa = PBXBuildFile; fileRef = 47323B60293A9C770029B69E /* PortalMpcTests.swift */; };
		607FACD61AFB9204008FA782 /* AppDelegate.swift in Sources */ = {isa = PBXBuildFile; fileRef = 607FACD51AFB9204008FA782 /* AppDelegate.swift */; };
		607FACD81AFB9204008FA782 /* ViewController.swift in Sources */ = {isa = PBXBuildFile; fileRef = 607FACD71AFB9204008FA782 /* ViewController.swift */; };
		607FACDB1AFB9204008FA782 /* Main.storyboard in Resources */ = {isa = PBXBuildFile; fileRef = 607FACD91AFB9204008FA782 /* Main.storyboard */; };
		607FACDD1AFB9204008FA782 /* Images.xcassets in Resources */ = {isa = PBXBuildFile; fileRef = 607FACDC1AFB9204008FA782 /* Images.xcassets */; };
		607FACE01AFB9204008FA782 /* LaunchScreen.xib in Resources */ = {isa = PBXBuildFile; fileRef = 607FACDE1AFB9204008FA782 /* LaunchScreen.xib */; };
		607FACEC1AFB9204008FA782 /* WalletTests.swift in Sources */ = {isa = PBXBuildFile; fileRef = 607FACEB1AFB9204008FA782 /* WalletTests.swift */; };
		7E130EDB2A4B9D4800CB17C3 /* Secrets.xcconfig in Resources */ = {isa = PBXBuildFile; fileRef = 7E130EDA2A4B9D4800CB17C3 /* Secrets.xcconfig */; };
		7E4B874E2A58BFFB003A8DB5 /* WebViewController.swift in Sources */ = {isa = PBXBuildFile; fileRef = 7E4B874D2A58BFFB003A8DB5 /* WebViewController.swift */; };
		7E7F4C002A002D7F00756B6A /* ConnectViewController.swift in Sources */ = {isa = PBXBuildFile; fileRef = 7E7F4BFF2A002D7F00756B6A /* ConnectViewController.swift */; };
		A9147DADD1E43490C26F8829 /* Pods_PortalSwift_Example.framework in Frameworks */ = {isa = PBXBuildFile; fileRef = 29723E6FD45D32C23A9F4F69 /* Pods_PortalSwift_Example.framework */; };
		B96417820F7757FB7C9962DE /* Pods_PortalSwift_Tests.framework in Frameworks */ = {isa = PBXBuildFile; fileRef = 4648C35B0F07F04812A2F611 /* Pods_PortalSwift_Tests.framework */; };
		F97145522A1450ED0034189F /* Portal.swift in Sources */ = {isa = PBXBuildFile; fileRef = F97145512A1450ED0034189F /* Portal.swift */; };
		F97145532A1450ED0034189F /* Portal.swift in Sources */ = {isa = PBXBuildFile; fileRef = F97145512A1450ED0034189F /* Portal.swift */; };
/* End PBXBuildFile section */

/* Begin PBXContainerItemProxy section */
		607FACE61AFB9204008FA782 /* PBXContainerItemProxy */ = {
			isa = PBXContainerItemProxy;
			containerPortal = 607FACC81AFB9204008FA782 /* Project object */;
			proxyType = 1;
			remoteGlobalIDString = 607FACCF1AFB9204008FA782;
			remoteInfo = PortalSwift;
		};
/* End PBXContainerItemProxy section */

/* Begin PBXFileReference section */
		023CAA08B6F6EFBEE0816BD1 /* Pods-PortalSwift_Tests.release.xcconfig */ = {isa = PBXFileReference; includeInIndex = 1; lastKnownFileType = text.xcconfig; name = "Pods-PortalSwift_Tests.release.xcconfig"; path = "Target Support Files/Pods-PortalSwift_Tests/Pods-PortalSwift_Tests.release.xcconfig"; sourceTree = "<group>"; };
		14C9B56D52E11ACC5411EE2F /* PortalSwift.podspec */ = {isa = PBXFileReference; includeInIndex = 1; lastKnownFileType = text; name = PortalSwift.podspec; path = ../PortalSwift.podspec; sourceTree = "<group>"; xcLanguageSpecificationIdentifier = xcode.lang.ruby; };
		1C580FF1BB47B20EA5167F63 /* LICENSE */ = {isa = PBXFileReference; includeInIndex = 1; lastKnownFileType = text; name = LICENSE; path = ../LICENSE; sourceTree = "<group>"; };
		29723E6FD45D32C23A9F4F69 /* Pods_PortalSwift_Example.framework */ = {isa = PBXFileReference; explicitFileType = wrapper.framework; includeInIndex = 0; path = Pods_PortalSwift_Example.framework; sourceTree = BUILT_PRODUCTS_DIR; };
		359FCB6C7A51B84D8283B50D /* README.md */ = {isa = PBXFileReference; includeInIndex = 1; lastKnownFileType = net.daringfireball.markdown; name = README.md; path = ../README.md; sourceTree = "<group>"; };
		37221617F625AA0FF0DB854C /* Pods-PortalSwift_Tests.debug.xcconfig */ = {isa = PBXFileReference; includeInIndex = 1; lastKnownFileType = text.xcconfig; name = "Pods-PortalSwift_Tests.debug.xcconfig"; path = "Target Support Files/Pods-PortalSwift_Tests/Pods-PortalSwift_Tests.debug.xcconfig"; sourceTree = "<group>"; };
		4648C35B0F07F04812A2F611 /* Pods_PortalSwift_Tests.framework */ = {isa = PBXFileReference; explicitFileType = wrapper.framework; includeInIndex = 0; path = Pods_PortalSwift_Tests.framework; sourceTree = BUILT_PRODUCTS_DIR; };
		47323B4C293A9BA20029B69E /* HttpRequesterTests.swift */ = {isa = PBXFileReference; lastKnownFileType = sourcecode.swift; path = HttpRequesterTests.swift; sourceTree = "<group>"; };
		47323B4E293A9BB40029B69E /* HttpRequestTests.swift */ = {isa = PBXFileReference; lastKnownFileType = sourcecode.swift; path = HttpRequestTests.swift; sourceTree = "<group>"; };
		47323B50293A9BCB0029B69E /* GDriveStorageTests.swift */ = {isa = PBXFileReference; lastKnownFileType = sourcecode.swift; path = GDriveStorageTests.swift; sourceTree = "<group>"; };
		47323B52293A9BD90029B69E /* ICloudStorageTests.swift */ = {isa = PBXFileReference; lastKnownFileType = sourcecode.swift; path = ICloudStorageTests.swift; sourceTree = "<group>"; };
		47323B54293A9BE80029B69E /* StorageTests.swift */ = {isa = PBXFileReference; lastKnownFileType = sourcecode.swift; path = StorageTests.swift; sourceTree = "<group>"; };
		47323B56293A9BFD0029B69E /* PortalProviderTests.swift */ = {isa = PBXFileReference; lastKnownFileType = sourcecode.swift; path = PortalProviderTests.swift; sourceTree = "<group>"; };
		47323B58293A9C0B0029B69E /* MpcSignerTests.swift */ = {isa = PBXFileReference; lastKnownFileType = sourcecode.swift; path = MpcSignerTests.swift; sourceTree = "<group>"; };
		47323B5C293A9C610029B69E /* PortalApiTests.swift */ = {isa = PBXFileReference; lastKnownFileType = sourcecode.swift; path = PortalApiTests.swift; sourceTree = "<group>"; };
		47323B5E293A9C6B0029B69E /* PortalKeychainTests.swift */ = {isa = PBXFileReference; lastKnownFileType = sourcecode.swift; path = PortalKeychainTests.swift; sourceTree = "<group>"; };
		47323B60293A9C770029B69E /* PortalMpcTests.swift */ = {isa = PBXFileReference; lastKnownFileType = sourcecode.swift; path = PortalMpcTests.swift; sourceTree = "<group>"; };
		4766B0CF292304BB0072C85E /* PortalSwift_Example.entitlements */ = {isa = PBXFileReference; lastKnownFileType = text.plist.entitlements; path = PortalSwift_Example.entitlements; sourceTree = "<group>"; };
		57121DAE6093704B6C653083 /* Pods-PortalSwift_Example.release.xcconfig */ = {isa = PBXFileReference; includeInIndex = 1; lastKnownFileType = text.xcconfig; name = "Pods-PortalSwift_Example.release.xcconfig"; path = "Target Support Files/Pods-PortalSwift_Example/Pods-PortalSwift_Example.release.xcconfig"; sourceTree = "<group>"; };
		607FACD01AFB9204008FA782 /* PortalSwift_Example.app */ = {isa = PBXFileReference; explicitFileType = wrapper.application; includeInIndex = 0; path = PortalSwift_Example.app; sourceTree = BUILT_PRODUCTS_DIR; };
		607FACD41AFB9204008FA782 /* Info.plist */ = {isa = PBXFileReference; lastKnownFileType = text.plist.xml; path = Info.plist; sourceTree = "<group>"; };
		607FACD51AFB9204008FA782 /* AppDelegate.swift */ = {isa = PBXFileReference; lastKnownFileType = sourcecode.swift; path = AppDelegate.swift; sourceTree = "<group>"; };
		607FACD71AFB9204008FA782 /* ViewController.swift */ = {isa = PBXFileReference; lastKnownFileType = sourcecode.swift; path = ViewController.swift; sourceTree = "<group>"; };
		607FACDA1AFB9204008FA782 /* Base */ = {isa = PBXFileReference; lastKnownFileType = file.storyboard; name = Base; path = Base.lproj/Main.storyboard; sourceTree = "<group>"; };
		607FACDC1AFB9204008FA782 /* Images.xcassets */ = {isa = PBXFileReference; lastKnownFileType = folder.assetcatalog; path = Images.xcassets; sourceTree = "<group>"; };
		607FACDF1AFB9204008FA782 /* Base */ = {isa = PBXFileReference; lastKnownFileType = file.xib; name = Base; path = Base.lproj/LaunchScreen.xib; sourceTree = "<group>"; };
		607FACE51AFB9204008FA782 /* PortalSwift_Tests.xctest */ = {isa = PBXFileReference; explicitFileType = wrapper.cfbundle; includeInIndex = 0; path = PortalSwift_Tests.xctest; sourceTree = BUILT_PRODUCTS_DIR; };
		607FACEA1AFB9204008FA782 /* Info.plist */ = {isa = PBXFileReference; lastKnownFileType = text.plist.xml; path = Info.plist; sourceTree = "<group>"; };
		607FACEB1AFB9204008FA782 /* WalletTests.swift */ = {isa = PBXFileReference; lastKnownFileType = sourcecode.swift; path = WalletTests.swift; sourceTree = "<group>"; };
		7E130EDA2A4B9D4800CB17C3 /* Secrets.xcconfig */ = {isa = PBXFileReference; lastKnownFileType = text.xcconfig; path = Secrets.xcconfig; sourceTree = "<group>"; };
		7E4B874D2A58BFFB003A8DB5 /* WebViewController.swift */ = {isa = PBXFileReference; lastKnownFileType = sourcecode.swift; path = WebViewController.swift; sourceTree = "<group>"; };
		7E7F4BFF2A002D7F00756B6A /* ConnectViewController.swift */ = {isa = PBXFileReference; lastKnownFileType = sourcecode.swift; path = ConnectViewController.swift; sourceTree = "<group>"; };
		7EB608D3291EF2F000CF1346 /* PortalSwift.framework */ = {isa = PBXFileReference; explicitFileType = wrapper.framework; path = PortalSwift.framework; sourceTree = BUILT_PRODUCTS_DIR; };
		E432DE04613E5E5869FDCD55 /* Pods-PortalSwift_Example.debug.xcconfig */ = {isa = PBXFileReference; includeInIndex = 1; lastKnownFileType = text.xcconfig; name = "Pods-PortalSwift_Example.debug.xcconfig"; path = "Target Support Files/Pods-PortalSwift_Example/Pods-PortalSwift_Example.debug.xcconfig"; sourceTree = "<group>"; };
		F97145512A1450ED0034189F /* Portal.swift */ = {isa = PBXFileReference; lastKnownFileType = sourcecode.swift; path = Portal.swift; sourceTree = "<group>"; };
/* End PBXFileReference section */

/* Begin PBXFrameworksBuildPhase section */
		607FACCD1AFB9204008FA782 /* Frameworks */ = {
			isa = PBXFrameworksBuildPhase;
			buildActionMask = 2147483647;
			files = (
				A9147DADD1E43490C26F8829 /* Pods_PortalSwift_Example.framework in Frameworks */,
			);
			runOnlyForDeploymentPostprocessing = 0;
		};
		607FACE21AFB9204008FA782 /* Frameworks */ = {
			isa = PBXFrameworksBuildPhase;
			buildActionMask = 2147483647;
			files = (
				B96417820F7757FB7C9962DE /* Pods_PortalSwift_Tests.framework in Frameworks */,
			);
			runOnlyForDeploymentPostprocessing = 0;
		};
/* End PBXFrameworksBuildPhase section */

/* Begin PBXGroup section */
		47323B45293A9B200029B69E /* Core */ = {
			isa = PBXGroup;
			children = (
				47323B5C293A9C610029B69E /* PortalApiTests.swift */,
				47323B5E293A9C6B0029B69E /* PortalKeychainTests.swift */,
				47323B60293A9C770029B69E /* PortalMpcTests.swift */,
			);
			name = Core;
			sourceTree = "<group>";
		};
		47323B46293A9B340029B69E /* Storage */ = {
			isa = PBXGroup;
			children = (
				47323B50293A9BCB0029B69E /* GDriveStorageTests.swift */,
				47323B52293A9BD90029B69E /* ICloudStorageTests.swift */,
				47323B54293A9BE80029B69E /* StorageTests.swift */,
			);
			name = Storage;
			sourceTree = "<group>";
		};
		47323B48293A9B5F0029B69E /* Provider */ = {
			isa = PBXGroup;
			children = (
				47323B56293A9BFD0029B69E /* PortalProviderTests.swift */,
				47323B58293A9C0B0029B69E /* MpcSignerTests.swift */,
			);
			name = Provider;
			sourceTree = "<group>";
		};
		47323B49293A9B710029B69E /* Utils */ = {
			isa = PBXGroup;
			children = (
				47323B4E293A9BB40029B69E /* HttpRequestTests.swift */,
				47323B4C293A9BA20029B69E /* HttpRequesterTests.swift */,
			);
			name = Utils;
			sourceTree = "<group>";
		};
		607FACC71AFB9204008FA782 = {
			isa = PBXGroup;
			children = (
				7E130EDA2A4B9D4800CB17C3 /* Secrets.xcconfig */,
				4766B0CF292304BB0072C85E /* PortalSwift_Example.entitlements */,
				607FACF51AFB993E008FA782 /* Podspec Metadata */,
				607FACD21AFB9204008FA782 /* Example for PortalSwift */,
				607FACE81AFB9204008FA782 /* Tests */,
				607FACD11AFB9204008FA782 /* Products */,
				7C36FC3DB0438C694E7A971C /* Pods */,
				984F47A8E526CC82C36C391B /* Frameworks */,
			);
			sourceTree = "<group>";
		};
		607FACD11AFB9204008FA782 /* Products */ = {
			isa = PBXGroup;
			children = (
				607FACD01AFB9204008FA782 /* PortalSwift_Example.app */,
				607FACE51AFB9204008FA782 /* PortalSwift_Tests.xctest */,
			);
			name = Products;
			sourceTree = "<group>";
		};
		607FACD21AFB9204008FA782 /* Example for PortalSwift */ = {
			isa = PBXGroup;
			children = (
				607FACD51AFB9204008FA782 /* AppDelegate.swift */,
				7E7F4BFF2A002D7F00756B6A /* ConnectViewController.swift */,
				607FACD71AFB9204008FA782 /* ViewController.swift */,
				7E4B874D2A58BFFB003A8DB5 /* WebViewController.swift */,
				607FACD91AFB9204008FA782 /* Main.storyboard */,
				607FACDC1AFB9204008FA782 /* Images.xcassets */,
				607FACDE1AFB9204008FA782 /* LaunchScreen.xib */,
				607FACD31AFB9204008FA782 /* Supporting Files */,
				F97145512A1450ED0034189F /* Portal.swift */,
			);
			name = "Example for PortalSwift";
			path = PortalSwift;
			sourceTree = "<group>";
		};
		607FACD31AFB9204008FA782 /* Supporting Files */ = {
			isa = PBXGroup;
			children = (
				607FACD41AFB9204008FA782 /* Info.plist */,
			);
			name = "Supporting Files";
			sourceTree = "<group>";
		};
		607FACE81AFB9204008FA782 /* Tests */ = {
			isa = PBXGroup;
			children = (
				F97145592A1F6C830034189F /* e2e */,
				47323B45293A9B200029B69E /* Core */,
				47323B48293A9B5F0029B69E /* Provider */,
				47323B46293A9B340029B69E /* Storage */,
				47323B49293A9B710029B69E /* Utils */,
				607FACE91AFB9204008FA782 /* Supporting Files */,
			);
			path = Tests;
			sourceTree = "<group>";
		};
		607FACE91AFB9204008FA782 /* Supporting Files */ = {
			isa = PBXGroup;
			children = (
				607FACEA1AFB9204008FA782 /* Info.plist */,
			);
			name = "Supporting Files";
			sourceTree = "<group>";
		};
		607FACF51AFB993E008FA782 /* Podspec Metadata */ = {
			isa = PBXGroup;
			children = (
				14C9B56D52E11ACC5411EE2F /* PortalSwift.podspec */,
				359FCB6C7A51B84D8283B50D /* README.md */,
				1C580FF1BB47B20EA5167F63 /* LICENSE */,
			);
			name = "Podspec Metadata";
			sourceTree = "<group>";
		};
		7C36FC3DB0438C694E7A971C /* Pods */ = {
			isa = PBXGroup;
			children = (
				E432DE04613E5E5869FDCD55 /* Pods-PortalSwift_Example.debug.xcconfig */,
				57121DAE6093704B6C653083 /* Pods-PortalSwift_Example.release.xcconfig */,
				37221617F625AA0FF0DB854C /* Pods-PortalSwift_Tests.debug.xcconfig */,
				023CAA08B6F6EFBEE0816BD1 /* Pods-PortalSwift_Tests.release.xcconfig */,
			);
			path = Pods;
			sourceTree = "<group>";
		};
		984F47A8E526CC82C36C391B /* Frameworks */ = {
			isa = PBXGroup;
			children = (
				7EB608D3291EF2F000CF1346 /* PortalSwift.framework */,
				29723E6FD45D32C23A9F4F69 /* Pods_PortalSwift_Example.framework */,
				4648C35B0F07F04812A2F611 /* Pods_PortalSwift_Tests.framework */,
			);
			name = Frameworks;
			sourceTree = "<group>";
		};
		F97145592A1F6C830034189F /* e2e */ = {
			isa = PBXGroup;
			children = (
				607FACEB1AFB9204008FA782 /* WalletTests.swift */,
			);
			path = e2e;
			sourceTree = "<group>";
		};
/* End PBXGroup section */

/* Begin PBXNativeTarget section */
		607FACCF1AFB9204008FA782 /* PortalSwift_Example */ = {
			isa = PBXNativeTarget;
			buildConfigurationList = 607FACEF1AFB9204008FA782 /* Build configuration list for PBXNativeTarget "PortalSwift_Example" */;
			buildPhases = (
				DE8C3DD1DE677A5B153BB382 /* [CP] Check Pods Manifest.lock */,
				607FACCC1AFB9204008FA782 /* Sources */,
				607FACCD1AFB9204008FA782 /* Frameworks */,
				607FACCE1AFB9204008FA782 /* Resources */,
				25A9DD37E74389832E263D4C /* [CP] Embed Pods Frameworks */,
			);
			buildRules = (
			);
			dependencies = (
			);
			name = PortalSwift_Example;
			productName = PortalSwift;
			productReference = 607FACD01AFB9204008FA782 /* PortalSwift_Example.app */;
			productType = "com.apple.product-type.application";
		};
		607FACE41AFB9204008FA782 /* PortalSwift_Tests */ = {
			isa = PBXNativeTarget;
			buildConfigurationList = 607FACF21AFB9204008FA782 /* Build configuration list for PBXNativeTarget "PortalSwift_Tests" */;
			buildPhases = (
				F05BFE872416F0E8BF4617B3 /* [CP] Check Pods Manifest.lock */,
				607FACE11AFB9204008FA782 /* Sources */,
				607FACE21AFB9204008FA782 /* Frameworks */,
				607FACE31AFB9204008FA782 /* Resources */,
				B7936B2B69DCF5BFCFBF61CB /* [CP] Embed Pods Frameworks */,
			);
			buildRules = (
			);
			dependencies = (
				607FACE71AFB9204008FA782 /* PBXTargetDependency */,
			);
			name = PortalSwift_Tests;
			productName = Tests;
			productReference = 607FACE51AFB9204008FA782 /* PortalSwift_Tests.xctest */;
			productType = "com.apple.product-type.bundle.unit-test";
		};
/* End PBXNativeTarget section */

/* Begin PBXProject section */
		607FACC81AFB9204008FA782 /* Project object */ = {
			isa = PBXProject;
			attributes = {
				LastSwiftUpdateCheck = 1420;
				LastUpgradeCheck = 1410;
				ORGANIZATIONNAME = CocoaPods;
				TargetAttributes = {
					607FACCF1AFB9204008FA782 = {
						CreatedOnToolsVersion = 6.3.1;
						DevelopmentTeam = WTQ4Q66FY6;
						LastSwiftMigration = "";
					};
					607FACE41AFB9204008FA782 = {
						CreatedOnToolsVersion = 6.3.1;
						DevelopmentTeam = WTQ4Q66FY6;
						LastSwiftMigration = "";
						TestTargetID = 607FACCF1AFB9204008FA782;
					};
				};
			};
			buildConfigurationList = 607FACCB1AFB9204008FA782 /* Build configuration list for PBXProject "PortalSwift" */;
			compatibilityVersion = "Xcode 3.2";
			developmentRegion = en;
			hasScannedForEncodings = 0;
			knownRegions = (
				en,
				Base,
			);
			mainGroup = 607FACC71AFB9204008FA782;
			productRefGroup = 607FACD11AFB9204008FA782 /* Products */;
			projectDirPath = "";
			projectRoot = "";
			targets = (
				607FACCF1AFB9204008FA782 /* PortalSwift_Example */,
				607FACE41AFB9204008FA782 /* PortalSwift_Tests */,
			);
		};
/* End PBXProject section */

/* Begin PBXResourcesBuildPhase section */
		607FACCE1AFB9204008FA782 /* Resources */ = {
			isa = PBXResourcesBuildPhase;
			buildActionMask = 2147483647;
			files = (
				7E130EDB2A4B9D4800CB17C3 /* Secrets.xcconfig in Resources */,
				607FACDB1AFB9204008FA782 /* Main.storyboard in Resources */,
				607FACE01AFB9204008FA782 /* LaunchScreen.xib in Resources */,
				607FACDD1AFB9204008FA782 /* Images.xcassets in Resources */,
			);
			runOnlyForDeploymentPostprocessing = 0;
		};
		607FACE31AFB9204008FA782 /* Resources */ = {
			isa = PBXResourcesBuildPhase;
			buildActionMask = 2147483647;
			files = (
			);
			runOnlyForDeploymentPostprocessing = 0;
		};
/* End PBXResourcesBuildPhase section */

/* Begin PBXShellScriptBuildPhase section */
		25A9DD37E74389832E263D4C /* [CP] Embed Pods Frameworks */ = {
			isa = PBXShellScriptBuildPhase;
			buildActionMask = 2147483647;
			files = (
			);
			inputPaths = (
				"${PODS_ROOT}/Target Support Files/Pods-PortalSwift_Example/Pods-PortalSwift_Example-frameworks.sh",
				"${BUILT_PRODUCTS_DIR}/AppAuth/AppAuth.framework",
				"${BUILT_PRODUCTS_DIR}/GTMAppAuth/GTMAppAuth.framework",
				"${BUILT_PRODUCTS_DIR}/GTMSessionFetcher/GTMSessionFetcher.framework",
				"${BUILT_PRODUCTS_DIR}/GoogleSignIn/GoogleSignIn.framework",
				"${BUILT_PRODUCTS_DIR}/PortalSwift/PortalSwift.framework",
				"${BUILT_PRODUCTS_DIR}/Starscream/Starscream.framework",
			);
			name = "[CP] Embed Pods Frameworks";
			outputPaths = (
				"${TARGET_BUILD_DIR}/${FRAMEWORKS_FOLDER_PATH}/AppAuth.framework",
				"${TARGET_BUILD_DIR}/${FRAMEWORKS_FOLDER_PATH}/GTMAppAuth.framework",
				"${TARGET_BUILD_DIR}/${FRAMEWORKS_FOLDER_PATH}/GTMSessionFetcher.framework",
				"${TARGET_BUILD_DIR}/${FRAMEWORKS_FOLDER_PATH}/GoogleSignIn.framework",
				"${TARGET_BUILD_DIR}/${FRAMEWORKS_FOLDER_PATH}/PortalSwift.framework",
				"${TARGET_BUILD_DIR}/${FRAMEWORKS_FOLDER_PATH}/Starscream.framework",
			);
			runOnlyForDeploymentPostprocessing = 0;
			shellPath = /bin/sh;
			shellScript = "\"${PODS_ROOT}/Target Support Files/Pods-PortalSwift_Example/Pods-PortalSwift_Example-frameworks.sh\"\n";
			showEnvVarsInLog = 0;
		};
		B7936B2B69DCF5BFCFBF61CB /* [CP] Embed Pods Frameworks */ = {
			isa = PBXShellScriptBuildPhase;
			buildActionMask = 2147483647;
			files = (
			);
			inputPaths = (
				"${PODS_ROOT}/Target Support Files/Pods-PortalSwift_Tests/Pods-PortalSwift_Tests-frameworks.sh",
				"${BUILT_PRODUCTS_DIR}/FBSnapshotTestCase/FBSnapshotTestCase.framework",
			);
			name = "[CP] Embed Pods Frameworks";
			outputPaths = (
				"${TARGET_BUILD_DIR}/${FRAMEWORKS_FOLDER_PATH}/FBSnapshotTestCase.framework",
			);
			runOnlyForDeploymentPostprocessing = 0;
			shellPath = /bin/sh;
			shellScript = "\"${PODS_ROOT}/Target Support Files/Pods-PortalSwift_Tests/Pods-PortalSwift_Tests-frameworks.sh\"\n";
			showEnvVarsInLog = 0;
		};
		DE8C3DD1DE677A5B153BB382 /* [CP] Check Pods Manifest.lock */ = {
			isa = PBXShellScriptBuildPhase;
			buildActionMask = 2147483647;
			files = (
			);
			inputFileListPaths = (
			);
			inputPaths = (
				"${PODS_PODFILE_DIR_PATH}/Podfile.lock",
				"${PODS_ROOT}/Manifest.lock",
			);
			name = "[CP] Check Pods Manifest.lock";
			outputFileListPaths = (
			);
			outputPaths = (
				"$(DERIVED_FILE_DIR)/Pods-PortalSwift_Example-checkManifestLockResult.txt",
			);
			runOnlyForDeploymentPostprocessing = 0;
			shellPath = /bin/sh;
			shellScript = "diff \"${PODS_PODFILE_DIR_PATH}/Podfile.lock\" \"${PODS_ROOT}/Manifest.lock\" > /dev/null\nif [ $? != 0 ] ; then\n    # print error to STDERR\n    echo \"error: The sandbox is not in sync with the Podfile.lock. Run 'pod install' or update your CocoaPods installation.\" >&2\n    exit 1\nfi\n# This output is used by Xcode 'outputs' to avoid re-running this script phase.\necho \"SUCCESS\" > \"${SCRIPT_OUTPUT_FILE_0}\"\n";
			showEnvVarsInLog = 0;
		};
		F05BFE872416F0E8BF4617B3 /* [CP] Check Pods Manifest.lock */ = {
			isa = PBXShellScriptBuildPhase;
			buildActionMask = 2147483647;
			files = (
			);
			inputFileListPaths = (
			);
			inputPaths = (
				"${PODS_PODFILE_DIR_PATH}/Podfile.lock",
				"${PODS_ROOT}/Manifest.lock",
			);
			name = "[CP] Check Pods Manifest.lock";
			outputFileListPaths = (
			);
			outputPaths = (
				"$(DERIVED_FILE_DIR)/Pods-PortalSwift_Tests-checkManifestLockResult.txt",
			);
			runOnlyForDeploymentPostprocessing = 0;
			shellPath = /bin/sh;
			shellScript = "diff \"${PODS_PODFILE_DIR_PATH}/Podfile.lock\" \"${PODS_ROOT}/Manifest.lock\" > /dev/null\nif [ $? != 0 ] ; then\n    # print error to STDERR\n    echo \"error: The sandbox is not in sync with the Podfile.lock. Run 'pod install' or update your CocoaPods installation.\" >&2\n    exit 1\nfi\n# This output is used by Xcode 'outputs' to avoid re-running this script phase.\necho \"SUCCESS\" > \"${SCRIPT_OUTPUT_FILE_0}\"\n";
			showEnvVarsInLog = 0;
		};
/* End PBXShellScriptBuildPhase section */

/* Begin PBXSourcesBuildPhase section */
		607FACCC1AFB9204008FA782 /* Sources */ = {
			isa = PBXSourcesBuildPhase;
			buildActionMask = 2147483647;
			files = (
				7E7F4C002A002D7F00756B6A /* ConnectViewController.swift in Sources */,
				F97145522A1450ED0034189F /* Portal.swift in Sources */,
				607FACD81AFB9204008FA782 /* ViewController.swift in Sources */,
				7E4B874E2A58BFFB003A8DB5 /* WebViewController.swift in Sources */,
				607FACD61AFB9204008FA782 /* AppDelegate.swift in Sources */,
			);
			runOnlyForDeploymentPostprocessing = 0;
		};
		607FACE11AFB9204008FA782 /* Sources */ = {
			isa = PBXSourcesBuildPhase;
			buildActionMask = 2147483647;
			files = (
				47323B51293A9BCB0029B69E /* GDriveStorageTests.swift in Sources */,
				47323B5F293A9C6B0029B69E /* PortalKeychainTests.swift in Sources */,
				47323B53293A9BD90029B69E /* ICloudStorageTests.swift in Sources */,
				47323B59293A9C0B0029B69E /* MpcSignerTests.swift in Sources */,
				47323B5D293A9C610029B69E /* PortalApiTests.swift in Sources */,
				F97145532A1450ED0034189F /* Portal.swift in Sources */,
				47323B4F293A9BB40029B69E /* HttpRequestTests.swift in Sources */,
				47323B57293A9BFD0029B69E /* PortalProviderTests.swift in Sources */,
				47323B55293A9BE80029B69E /* StorageTests.swift in Sources */,
				47323B61293A9C770029B69E /* PortalMpcTests.swift in Sources */,
				607FACEC1AFB9204008FA782 /* WalletTests.swift in Sources */,
				47323B4D293A9BA20029B69E /* HttpRequesterTests.swift in Sources */,
			);
			runOnlyForDeploymentPostprocessing = 0;
		};
/* End PBXSourcesBuildPhase section */

/* Begin PBXTargetDependency section */
		607FACE71AFB9204008FA782 /* PBXTargetDependency */ = {
			isa = PBXTargetDependency;
			target = 607FACCF1AFB9204008FA782 /* PortalSwift_Example */;
			targetProxy = 607FACE61AFB9204008FA782 /* PBXContainerItemProxy */;
		};
/* End PBXTargetDependency section */

/* Begin PBXVariantGroup section */
		607FACD91AFB9204008FA782 /* Main.storyboard */ = {
			isa = PBXVariantGroup;
			children = (
				607FACDA1AFB9204008FA782 /* Base */,
			);
			name = Main.storyboard;
			sourceTree = "<group>";
		};
		607FACDE1AFB9204008FA782 /* LaunchScreen.xib */ = {
			isa = PBXVariantGroup;
			children = (
				607FACDF1AFB9204008FA782 /* Base */,
			);
			name = LaunchScreen.xib;
			sourceTree = "<group>";
		};
/* End PBXVariantGroup section */

/* Begin XCBuildConfiguration section */
		607FACED1AFB9204008FA782 /* Debug */ = {
			isa = XCBuildConfiguration;
			buildSettings = {
				ALWAYS_SEARCH_USER_PATHS = NO;
				CLANG_ANALYZER_LOCALIZABILITY_NONLOCALIZED = YES;
				CLANG_CXX_LANGUAGE_STANDARD = "gnu++0x";
				CLANG_CXX_LIBRARY = "libc++";
				CLANG_ENABLE_MODULES = YES;
				CLANG_ENABLE_OBJC_ARC = YES;
				CLANG_WARN_BLOCK_CAPTURE_AUTORELEASING = YES;
				CLANG_WARN_BOOL_CONVERSION = YES;
				CLANG_WARN_COMMA = YES;
				CLANG_WARN_CONSTANT_CONVERSION = YES;
				CLANG_WARN_DEPRECATED_OBJC_IMPLEMENTATIONS = YES;
				CLANG_WARN_DIRECT_OBJC_ISA_USAGE = YES_ERROR;
				CLANG_WARN_EMPTY_BODY = YES;
				CLANG_WARN_ENUM_CONVERSION = YES;
				CLANG_WARN_INFINITE_RECURSION = YES;
				CLANG_WARN_INT_CONVERSION = YES;
				CLANG_WARN_NON_LITERAL_NULL_CONVERSION = YES;
				CLANG_WARN_OBJC_IMPLICIT_RETAIN_SELF = YES;
				CLANG_WARN_OBJC_LITERAL_CONVERSION = YES;
				CLANG_WARN_OBJC_ROOT_CLASS = YES_ERROR;
				CLANG_WARN_QUOTED_INCLUDE_IN_FRAMEWORK_HEADER = YES;
				CLANG_WARN_RANGE_LOOP_ANALYSIS = YES;
				CLANG_WARN_STRICT_PROTOTYPES = YES;
				CLANG_WARN_SUSPICIOUS_MOVE = YES;
				CLANG_WARN_UNREACHABLE_CODE = YES;
				CLANG_WARN__DUPLICATE_METHOD_MATCH = YES;
				"CODE_SIGN_IDENTITY[sdk=iphoneos*]" = "iPhone Developer";
				COPY_PHASE_STRIP = NO;
				DEBUG_INFORMATION_FORMAT = "dwarf-with-dsym";
				ENABLE_STRICT_OBJC_MSGSEND = YES;
				ENABLE_TESTABILITY = YES;
				GCC_C_LANGUAGE_STANDARD = gnu99;
				GCC_DYNAMIC_NO_PIC = NO;
				GCC_NO_COMMON_BLOCKS = YES;
				GCC_OPTIMIZATION_LEVEL = 0;
				GCC_PREPROCESSOR_DEFINITIONS = (
					"DEBUG=1",
					"$(inherited)",
				);
				GCC_SYMBOLS_PRIVATE_EXTERN = NO;
				GCC_WARN_64_TO_32_BIT_CONVERSION = YES;
				GCC_WARN_ABOUT_RETURN_TYPE = YES_ERROR;
				GCC_WARN_UNDECLARED_SELECTOR = YES;
				GCC_WARN_UNINITIALIZED_AUTOS = YES_AGGRESSIVE;
				GCC_WARN_UNUSED_FUNCTION = YES;
				GCC_WARN_UNUSED_VARIABLE = YES;
				INFOPLIST_FILE = "${PROJECT_DIR}/Info.plist";
				IPHONEOS_DEPLOYMENT_TARGET = 12.0;
				MTL_ENABLE_DEBUG_INFO = YES;
				ONLY_ACTIVE_ARCH = YES;
				SDKROOT = iphoneos;
				SWIFT_OPTIMIZATION_LEVEL = "-Onone";
			};
			name = Debug;
		};
		607FACEE1AFB9204008FA782 /* Release */ = {
			isa = XCBuildConfiguration;
			buildSettings = {
				ALWAYS_SEARCH_USER_PATHS = NO;
				CLANG_ANALYZER_LOCALIZABILITY_NONLOCALIZED = YES;
				CLANG_CXX_LANGUAGE_STANDARD = "gnu++0x";
				CLANG_CXX_LIBRARY = "libc++";
				CLANG_ENABLE_MODULES = YES;
				CLANG_ENABLE_OBJC_ARC = YES;
				CLANG_WARN_BLOCK_CAPTURE_AUTORELEASING = YES;
				CLANG_WARN_BOOL_CONVERSION = YES;
				CLANG_WARN_COMMA = YES;
				CLANG_WARN_CONSTANT_CONVERSION = YES;
				CLANG_WARN_DEPRECATED_OBJC_IMPLEMENTATIONS = YES;
				CLANG_WARN_DIRECT_OBJC_ISA_USAGE = YES_ERROR;
				CLANG_WARN_EMPTY_BODY = YES;
				CLANG_WARN_ENUM_CONVERSION = YES;
				CLANG_WARN_INFINITE_RECURSION = YES;
				CLANG_WARN_INT_CONVERSION = YES;
				CLANG_WARN_NON_LITERAL_NULL_CONVERSION = YES;
				CLANG_WARN_OBJC_IMPLICIT_RETAIN_SELF = YES;
				CLANG_WARN_OBJC_LITERAL_CONVERSION = YES;
				CLANG_WARN_OBJC_ROOT_CLASS = YES_ERROR;
				CLANG_WARN_QUOTED_INCLUDE_IN_FRAMEWORK_HEADER = YES;
				CLANG_WARN_RANGE_LOOP_ANALYSIS = YES;
				CLANG_WARN_STRICT_PROTOTYPES = YES;
				CLANG_WARN_SUSPICIOUS_MOVE = YES;
				CLANG_WARN_UNREACHABLE_CODE = YES;
				CLANG_WARN__DUPLICATE_METHOD_MATCH = YES;
				"CODE_SIGN_IDENTITY[sdk=iphoneos*]" = "iPhone Developer";
				COPY_PHASE_STRIP = NO;
				DEBUG_INFORMATION_FORMAT = "dwarf-with-dsym";
				ENABLE_NS_ASSERTIONS = NO;
				ENABLE_STRICT_OBJC_MSGSEND = YES;
				GCC_C_LANGUAGE_STANDARD = gnu99;
				GCC_NO_COMMON_BLOCKS = YES;
				GCC_WARN_64_TO_32_BIT_CONVERSION = YES;
				GCC_WARN_ABOUT_RETURN_TYPE = YES_ERROR;
				GCC_WARN_UNDECLARED_SELECTOR = YES;
				GCC_WARN_UNINITIALIZED_AUTOS = YES_AGGRESSIVE;
				GCC_WARN_UNUSED_FUNCTION = YES;
				GCC_WARN_UNUSED_VARIABLE = YES;
				INFOPLIST_FILE = "${PROJECT_DIR}/Info.plist";
				IPHONEOS_DEPLOYMENT_TARGET = 12.0;
				MTL_ENABLE_DEBUG_INFO = NO;
				SDKROOT = iphoneos;
				SWIFT_OPTIMIZATION_LEVEL = "-Owholemodule";
				VALIDATE_PRODUCT = YES;
			};
			name = Release;
		};
		607FACF01AFB9204008FA782 /* Debug */ = {
			isa = XCBuildConfiguration;
			baseConfigurationReference = E432DE04613E5E5869FDCD55 /* Pods-PortalSwift_Example.debug.xcconfig */;
			buildSettings = {
				"ARCHS[sdk=iphonesimulator*]" = "$(ARCHS_STANDARD)";
				ASSETCATALOG_COMPILER_APPICON_NAME = AppIcon;
				CODE_SIGN_ENTITLEMENTS = PortalSwift_Example.entitlements;
				DEVELOPMENT_TEAM = WTQ4Q66FY6;
				GCC_OPTIMIZATION_LEVEL = z;
				INFOPLIST_FILE = PortalSwift/Info.plist;
				IPHONEOS_DEPLOYMENT_TARGET = 13.0;
				LD_RUNPATH_SEARCH_PATHS = "$(inherited) @executable_path/Frameworks";
				MODULE_NAME = ExampleApp;
				PRODUCT_BUNDLE_IDENTIFIER = "org.cocoapods.demo.$(PRODUCT_NAME:rfc1034identifier)";
				PRODUCT_NAME = "$(TARGET_NAME)";
				SWIFT_OPTIMIZATION_LEVEL = "-Osize";
				SWIFT_SWIFT3_OBJC_INFERENCE = Default;
				SWIFT_VERSION = 5.0;
			};
			name = Debug;
		};
		607FACF11AFB9204008FA782 /* Release */ = {
			isa = XCBuildConfiguration;
			baseConfigurationReference = 57121DAE6093704B6C653083 /* Pods-PortalSwift_Example.release.xcconfig */;
			buildSettings = {
				ASSETCATALOG_COMPILER_APPICON_NAME = AppIcon;
				CODE_SIGN_ENTITLEMENTS = PortalSwift_Example.entitlements;
				DEVELOPMENT_TEAM = WTQ4Q66FY6;
				GCC_OPTIMIZATION_LEVEL = z;
				INFOPLIST_FILE = PortalSwift/Info.plist;
				IPHONEOS_DEPLOYMENT_TARGET = 13.0;
				LD_RUNPATH_SEARCH_PATHS = "$(inherited) @executable_path/Frameworks";
				LLVM_LTO = YES_THIN;
				MODULE_NAME = ExampleApp;
				PRODUCT_BUNDLE_IDENTIFIER = "org.cocoapods.demo.$(PRODUCT_NAME:rfc1034identifier)";
				PRODUCT_NAME = "$(TARGET_NAME)";
				SWIFT_OPTIMIZATION_LEVEL = "-Osize";
				SWIFT_SWIFT3_OBJC_INFERENCE = Default;
				SWIFT_VERSION = 5.0;
			};
			name = Release;
		};
		607FACF31AFB9204008FA782 /* Debug */ = {
			isa = XCBuildConfiguration;
			baseConfigurationReference = 37221617F625AA0FF0DB854C /* Pods-PortalSwift_Tests.debug.xcconfig */;
			buildSettings = {
				DEVELOPMENT_TEAM = WTQ4Q66FY6;
				FRAMEWORK_SEARCH_PATHS = (
					"$(PLATFORM_DIR)/Developer/Library/Frameworks",
					"$(inherited)",
				);
				GCC_PREPROCESSOR_DEFINITIONS = (
					"DEBUG=1",
					"$(inherited)",
				);
				INFOPLIST_FILE = Tests/Info.plist;
				IPHONEOS_DEPLOYMENT_TARGET = 13.0;
				LD_RUNPATH_SEARCH_PATHS = "$(inherited) @executable_path/Frameworks @loader_path/Frameworks";
				PRODUCT_BUNDLE_IDENTIFIER = "org.cocoapods.$(PRODUCT_NAME:rfc1034identifier)";
				PRODUCT_NAME = "$(TARGET_NAME)";
				SWIFT_SWIFT3_OBJC_INFERENCE = Default;
				SWIFT_VERSION = 5.0;
				TEST_HOST = "$(BUILT_PRODUCTS_DIR)/PortalSwift_Example.app/PortalSwift_Example";
			};
			name = Debug;
		};
		607FACF41AFB9204008FA782 /* Release */ = {
			isa = XCBuildConfiguration;
			baseConfigurationReference = 023CAA08B6F6EFBEE0816BD1 /* Pods-PortalSwift_Tests.release.xcconfig */;
			buildSettings = {
				DEVELOPMENT_TEAM = WTQ4Q66FY6;
				FRAMEWORK_SEARCH_PATHS = (
					"$(PLATFORM_DIR)/Developer/Library/Frameworks",
					"$(inherited)",
				);
				INFOPLIST_FILE = Tests/Info.plist;
				IPHONEOS_DEPLOYMENT_TARGET = 13.0;
				LD_RUNPATH_SEARCH_PATHS = "$(inherited) @executable_path/Frameworks @loader_path/Frameworks";
				PRODUCT_BUNDLE_IDENTIFIER = "org.cocoapods.$(PRODUCT_NAME:rfc1034identifier)";
				PRODUCT_NAME = "$(TARGET_NAME)";
				SWIFT_SWIFT3_OBJC_INFERENCE = Default;
				SWIFT_VERSION = 5.0;
				TEST_HOST = "$(BUILT_PRODUCTS_DIR)/PortalSwift_Example.app/PortalSwift_Example";
			};
			name = Release;
		};
/* End XCBuildConfiguration section */

/* Begin XCConfigurationList section */
		607FACCB1AFB9204008FA782 /* Build configuration list for PBXProject "PortalSwift" */ = {
			isa = XCConfigurationList;
			buildConfigurations = (
				607FACED1AFB9204008FA782 /* Debug */,
				607FACEE1AFB9204008FA782 /* Release */,
			);
			defaultConfigurationIsVisible = 0;
			defaultConfigurationName = Release;
		};
		607FACEF1AFB9204008FA782 /* Build configuration list for PBXNativeTarget "PortalSwift_Example" */ = {
			isa = XCConfigurationList;
			buildConfigurations = (
				607FACF01AFB9204008FA782 /* Debug */,
				607FACF11AFB9204008FA782 /* Release */,
			);
			defaultConfigurationIsVisible = 0;
			defaultConfigurationName = Release;
		};
		607FACF21AFB9204008FA782 /* Build configuration list for PBXNativeTarget "PortalSwift_Tests" */ = {
			isa = XCConfigurationList;
			buildConfigurations = (
				607FACF31AFB9204008FA782 /* Debug */,
				607FACF41AFB9204008FA782 /* Release */,
			);
			defaultConfigurationIsVisible = 0;
			defaultConfigurationName = Release;
		};
/* End XCConfigurationList section */
	};
	rootObject = 607FACC81AFB9204008FA782 /* Project object */;
}
